
Microsoft Visual Studio Solution File, Format Version 12.00
# Visual Studio Version 17
VisualStudioVersion = 17.3.32922.545
MinimumVisualStudioVersion = 10.0.40219.1
Project("{FAE04EC0-301F-11D3-BF4B-00C04F79EFBC}") = "DALChamCong", "..\DALChamCong\DALChamCong.csproj", "{361AE43F-8A82-4676-8785-C8BC6443458C}"
EndProject
Project("{FAE04EC0-301F-11D3-BF4B-00C04F79EFBC}") = "BUSChamCong", "..\BUSChamCong\BUSChamCong.csproj", "{6F2D38B0-9CAA-42B6-87DC-ACE427A1F233}"
EndProject
Project("{FAE04EC0-301F-11D3-BF4B-00C04F79EFBC}") = "GUIChamCong", "..\GUIChamCong\GUIChamCong.csproj", "{4E3B100D-108D-4CBF-8818-333938AB1325}"
EndProject
Project("{FAE04EC0-301F-11D3-BF4B-00C04F79EFBC}") = "DTO", "DTO\DTO.csproj", "{D6ED5E69-983E-4CAB-AD92-AE638B4D1C69}"
EndProject
Global
	GlobalSection(SolutionConfigurationPlatforms) = preSolution
		Debug|Any CPU = Debug|Any CPU
		Release|Any CPU = Release|Any CPU
	EndGlobalSection
	GlobalSection(ProjectConfigurationPlatforms) = postSolution
		{361AE43F-8A82-4676-8785-C8BC6443458C}.Debug|Any CPU.ActiveCfg = Debug|Any CPU
		{361AE43F-8A82-4676-8785-C8BC6443458C}.Debug|Any CPU.Build.0 = Debug|Any CPU
		{361AE43F-8A82-4676-8785-C8BC6443458C}.Release|Any CPU.ActiveCfg = Release|Any CPU
		{361AE43F-8A82-4676-8785-C8BC6443458C}.Release|Any CPU.Build.0 = Release|Any CPU
		{6F2D38B0-9CAA-42B6-87DC-ACE427A1F233}.Debug|Any CPU.ActiveCfg = Debug|Any CPU
		{6F2D38B0-9CAA-42B6-87DC-ACE427A1F233}.Debug|Any CPU.Build.0 = Debug|Any CPU
		{6F2D38B0-9CAA-42B6-87DC-ACE427A1F233}.Release|Any CPU.ActiveCfg = Release|Any CPU
		{6F2D38B0-9CAA-42B6-87DC-ACE427A1F233}.Release|Any CPU.Build.0 = Release|Any CPU
		{4E3B100D-108D-4CBF-8818-333938AB1325}.Debug|Any CPU.ActiveCfg = Debug|Any CPU
		{4E3B100D-108D-4CBF-8818-333938AB1325}.Debug|Any CPU.Build.0 = Debug|Any CPU
		{4E3B100D-108D-4CBF-8818-333938AB1325}.Release|Any CPU.ActiveCfg = Release|Any CPU
		{4E3B100D-108D-4CBF-8818-333938AB1325}.Release|Any CPU.Build.0 = Release|Any CPU
		{D6ED5E69-983E-4CAB-AD92-AE638B4D1C69}.Debug|Any CPU.ActiveCfg = Debug|Any CPU
		{D6ED5E69-983E-4CAB-AD92-AE638B4D1C69}.Debug|Any CPU.Build.0 = Debug|Any CPU
		{D6ED5E69-983E-4CAB-AD92-AE638B4D1C69}.Release|Any CPU.ActiveCfg = Release|Any CPU
		{D6ED5E69-983E-4CAB-AD92-AE638B4D1C69}.Release|Any CPU.Build.0 = Release|Any CPU
	EndGlobalSection
	GlobalSection(SolutionProperties) = preSolution
		HideSolutionNode = FALSE
	EndGlobalSection
	GlobalSection(ExtensibilityGlobals) = postSolution
		SolutionGuid = {FA6FB13B-B4A5-45E6-B756-7FC2D06C53B6}
	EndGlobalSection
EndGlobal
